
Microsoft Visual Studio Solution File, Format Version 12.00
# Visual Studio Version 17
VisualStudioVersion = 17.4.33122.133
MinimumVisualStudioVersion = 10.0.40219.1
Project("{FAE04EC0-301F-11D3-BF4B-00C04F79EFBC}") = "Milyoner(Git)", "Milyoner(Git).csproj", "{7A95AC3B-92E0-4109-9A45-9DF62FC559CF}"
EndProject
Global
	GlobalSection(SolutionConfigurationPlatforms) = preSolution
		Debug|Any CPU = Debug|Any CPU
		Release|Any CPU = Release|Any CPU
	EndGlobalSection
	GlobalSection(ProjectConfigurationPlatforms) = postSolution
		{7A95AC3B-92E0-4109-9A45-9DF62FC559CF}.Debug|Any CPU.ActiveCfg = Debug|Any CPU
		{7A95AC3B-92E0-4109-9A45-9DF62FC559CF}.Debug|Any CPU.Build.0 = Debug|Any CPU
		{7A95AC3B-92E0-4109-9A45-9DF62FC559CF}.Release|Any CPU.ActiveCfg = Release|Any CPU
		{7A95AC3B-92E0-4109-9A45-9DF62FC559CF}.Release|Any CPU.Build.0 = Release|Any CPU
	EndGlobalSection
	GlobalSection(SolutionProperties) = preSolution
		HideSolutionNode = FALSE
	EndGlobalSection
	GlobalSection(ExtensibilityGlobals) = postSolution
		SolutionGuid = {A9EFF038-F361-460A-9779-2855A6135121}
	EndGlobalSection
EndGlobal
